
Microsoft Visual Studio Solution File, Format Version 12.00
# Visual Studio 15
VisualStudioVersion = 15.0.27428.2037
MinimumVisualStudioVersion = 10.0.40219.1
Project("{FAE04EC0-301F-11D3-BF4B-00C04F79EFBC}") = "AndroidResurrectionKit", "AndroidResurrectionKit\AndroidResurrectionKit.csproj", "{F8BC8D5B-E373-48AF-A184-E247E61B68D2}"
EndProject
Global
	GlobalSection(SolutionConfigurationPlatforms) = preSolution
		Debug|Any CPU = Debug|Any CPU
		Release|Any CPU = Release|Any CPU
	EndGlobalSection
	GlobalSection(ProjectConfigurationPlatforms) = postSolution
		{F8BC8D5B-E373-48AF-A184-E247E61B68D2}.Debug|Any CPU.ActiveCfg = Debug|Any CPU
		{F8BC8D5B-E373-48AF-A184-E247E61B68D2}.Debug|Any CPU.Build.0 = Debug|Any CPU
		{F8BC8D5B-E373-48AF-A184-E247E61B68D2}.Release|Any CPU.ActiveCfg = Release|Any CPU
		{F8BC8D5B-E373-48AF-A184-E247E61B68D2}.Release|Any CPU.Build.0 = Release|Any CPU
	EndGlobalSection
	GlobalSection(SolutionProperties) = preSolution
		HideSolutionNode = FALSE
	EndGlobalSection
	GlobalSection(ExtensibilityGlobals) = postSolution
		SolutionGuid = {F7BEEB59-071D-4E6F-954D-4F0118F5B03A}
	EndGlobalSection
EndGlobal
